schema: '2.0'
stages:
  profile:
    cmd: python3 src/profiling.py assets/data/raw/
    deps:
    - path: assets/data/raw
      md5: 011eedaac3329cfe5a50a80b27b4c997.dir
      size: 2124775903
      nfiles: 14
    - path: src/config.py
      md5: 581c58923dda757a36e5cdd604ee0c40
      size: 1983
    - path: src/profile.yaml
      md5: 317b4d9674ca46acc17a1e8da4fa604e
      size: 3918
    - path: src/profiling.py
      md5: a0de3f466aff6d4d8e2e19269f5a9f15
      size: 1689
    params:
      params.yaml:
        profile.dataset: medium_10th
    outs:
    - path: assets/profile
      md5: 7a675528ea09775085f0147fa54a7e8a.dir
      size: 140408238
      nfiles: 2
  clean:
    cmd: python3 src/clean.py assets/data/raw/
    deps:
    - path: assets/data/raw
      md5: 011eedaac3329cfe5a50a80b27b4c997.dir
      size: 2124775903
      nfiles: 14
    - path: assets/profile
      md5: 7a675528ea09775085f0147fa54a7e8a.dir
      size: 140408238
      nfiles: 2
    - path: src/clean.py
      md5: 2186cd1ab155cfd9984869777157ee1e
      size: 4477
    - path: src/config.py
      md5: 581c58923dda757a36e5cdd604ee0c40
      size: 1983
    params:
      params.yaml:
        clean.combine_files: false
        clean.correlation_metric: pearson
        clean.input_max_correlation_threshold: 1.0
        clean.percentage_zeros_threshold: 1.0
    outs:
    - path: assets/data/cleaned
      md5: 3b78ed55a6a7b59414c045492a0afd81.dir
      size: 49956706
      nfiles: 1
  featurize:
    cmd: python3 src/featurize.py assets/data/cleaned/
    deps:
    - path: assets/data/cleaned
      md5: 3b78ed55a6a7b59414c045492a0afd81.dir
      size: 49956706
      nfiles: 1
    - path: src/config.py
      md5: 581c58923dda757a36e5cdd604ee0c40
      size: 1983
    - path: src/featurize.py
      md5: 1cd67e0dc21ea71e237acbdf88c11358
      size: 7937
    params:
      params.yaml:
        featurize.add_rolling_features: true
        featurize.features:
        featurize.remove_features:
        featurize.rolling_window_size: 220
    outs:
    - path: assets/data/featurized
      md5: dbbbb35edcdc1c95c9077eac8689c80c.dir
      size: 508723328
      nfiles: 1
    - path: assets/data/input_columns.csv
      md5: cec2eb841a1ae06c9008904638852ad3
      size: 4819
  scale:
    cmd: python3 src/scale.py assets/data/featurized/
    deps:
    - path: assets/data/featurized
      md5: dbbbb35edcdc1c95c9077eac8689c80c.dir
      size: 508723328
      nfiles: 1
    - path: src/config.py
      md5: 581c58923dda757a36e5cdd604ee0c40
      size: 1983
    - path: src/scale.py
      md5: 76df14bd9669b9a33f16f193a10e4f7e
      size: 2020
    params:
      params.yaml:
        scale.input:
    outs:
    - path: assets/data/scaled
      md5: 171d521c263df90a7b1558d0efa9d468.dir
      size: 508723328
      nfiles: 1
  sequentialize:
    cmd: python3 src/sequentialize.py assets/data/scaled/
    deps:
    - path: assets/data/scaled
      md5: 171d521c263df90a7b1558d0efa9d468.dir
      size: 508723328
      nfiles: 1
    - path: src/config.py
      md5: 581c58923dda757a36e5cdd604ee0c40
      size: 1983
    - path: src/preprocess_utils.py
      md5: 22fc0c6db31b2d7f3dc11c7d7444dddd
      size: 11358
    - path: src/sequentialize.py
      md5: 7470e1a4a38593277c4660785b831dc9
      size: 1728
    params:
      params.yaml:
        sequentialize.overlap: 0
        sequentialize.shuffle_samples: false
        sequentialize.window_size: 1
        train.learning_method: hierarchical
    outs:
    - path: assets/data/sequentialized
      md5: 7d0fbdb32909027f0c0c22adca4156c0.dir
      size: 508723456
      nfiles: 1
  combine:
    cmd: python3 src/combine.py assets/data/sequentialized/
    deps:
    - path: assets/data/sequentialized
      md5: 7d0fbdb32909027f0c0c22adca4156c0.dir
      size: 508723456
      nfiles: 1
    - path: src/combine.py
      md5: 2d47b34fc0cbf4b68ea87e0a84811132
      size: 835
    - path: src/config.py
      md5: 581c58923dda757a36e5cdd604ee0c40
      size: 1983
    outs:
    - path: assets/data/combined
      md5: 3865058b7d0a55743e2e9c32f263246c.dir
      size: 508723456
      nfiles: 1
  train:
    cmd: python3 src/train.py assets/data/combined/X.npz
    deps:
    - path: assets/data/combined
      md5: 46f6ee1de21df76d3d8e591a582786c2.dir
      size: 14985616
      nfiles: 1
    - path: src/config.py
      md5: 581c58923dda757a36e5cdd604ee0c40
      size: 1983
    - path: src/train.py
      md5: a52732e720659a2a31c5707c11bb38d2
      size: 1813
    params:
      params.yaml:
        train.learning_method: hierarchical
        train.n_clusters: 2
    outs:
    - path: assets/models
      md5: 74e27d39f20b09acaec8da05074b3862.dir
      size: 231118
      nfiles: 1
  evaluate:
    cmd: python3 src/visualize.py assets/models/model.h5 assets/data/combined/X.npz
    deps:
    - path: assets/data/combined
      md5: 446adcd8b515c5855dbe4d8c6813f91f.dir
      size: 1188256
      nfiles: 1
    - path: assets/models/model.h5
      md5: 833ce3fcab1589e67b4b6274eb57601e
      size: 1208286
    - path: src/config.py
      md5: 581c58923dda757a36e5cdd604ee0c40
      size: 1983
    - path: src/visualize.py
      md5: b218fa5b63910fe034195d57b9b6217a
      size: 772
  visualize:
    cmd: python3 src/visualize.py assets/models/model.h5 assets/data/combined/X.npz
    deps:
    - path: assets/data/combined
      md5: 46f6ee1de21df76d3d8e591a582786c2.dir
      size: 14985616
      nfiles: 1
    - path: assets/models/model.h5
      md5: 87e1f2648d03ec82e4d2128d9965457e
      size: 231118
    - path: src/config.py
      md5: 581c58923dda757a36e5cdd604ee0c40
      size: 1983
    - path: src/visualize.py
      md5: d464279db5a121f8e51516892f95805f
      size: 5667
